
Microsoft Visual Studio Solution File, Format Version 12.00
# Visual Studio Version 17
VisualStudioVersion = 17.1.32421.90
MinimumVisualStudioVersion = 10.0.40219.1
Project("{FAE04EC0-301F-11D3-BF4B-00C04F79EFBC}") = "csharp-snacks-3", "csharp-snacks-3.csproj", "{7092CA17-E2BF-4207-A7AA-2F43567FE930}"
EndProject
Global
	GlobalSection(SolutionConfigurationPlatforms) = preSolution
		Debug|Any CPU = Debug|Any CPU
		Release|Any CPU = Release|Any CPU
	EndGlobalSection
	GlobalSection(ProjectConfigurationPlatforms) = postSolution
		{7092CA17-E2BF-4207-A7AA-2F43567FE930}.Debug|Any CPU.ActiveCfg = Debug|Any CPU
		{7092CA17-E2BF-4207-A7AA-2F43567FE930}.Debug|Any CPU.Build.0 = Debug|Any CPU
		{7092CA17-E2BF-4207-A7AA-2F43567FE930}.Release|Any CPU.ActiveCfg = Release|Any CPU
		{7092CA17-E2BF-4207-A7AA-2F43567FE930}.Release|Any CPU.Build.0 = Release|Any CPU
	EndGlobalSection
	GlobalSection(SolutionProperties) = preSolution
		HideSolutionNode = FALSE
	EndGlobalSection
	GlobalSection(ExtensibilityGlobals) = postSolution
		SolutionGuid = {E75C9CDA-3C73-4977-BF59-31B20713BD09}
	EndGlobalSection
EndGlobal
